
Microsoft Visual Studio Solution File, Format Version 11.00
# Visual Studio 2010
Project("{FAE04EC0-301F-11D3-BF4B-00C04F79EFBC}") = "Juice_Shop_Billing_System", "Juice_Shop_Billing_System.csproj", "{E0226151-F595-4D88-91F0-C35AAE9E1F2D}"
EndProject
Global
	GlobalSection(SolutionConfigurationPlatforms) = preSolution
		Debug|x86 = Debug|x86
		Release|x86 = Release|x86
	EndGlobalSection
	GlobalSection(ProjectConfigurationPlatforms) = postSolution
		{E0226151-F595-4D88-91F0-C35AAE9E1F2D}.Debug|x86.ActiveCfg = Debug|x86
		{E0226151-F595-4D88-91F0-C35AAE9E1F2D}.Debug|x86.Build.0 = Debug|x86
		{E0226151-F595-4D88-91F0-C35AAE9E1F2D}.Release|x86.ActiveCfg = Release|x86
		{E0226151-F595-4D88-91F0-C35AAE9E1F2D}.Release|x86.Build.0 = Release|x86
	EndGlobalSection
	GlobalSection(SolutionProperties) = preSolution
		HideSolutionNode = FALSE
	EndGlobalSection
EndGlobal
